# This file was autogenerated by Stack.
# You should not edit this file by hand.
# For more information, please see the documentation at:
#   https://docs.haskellstack.org/en/stable/lock_files

packages:
- completed:
    hackage: slugify-0.1.0.1@sha256:0764c30a5d6d6342ca055a97f0a7b4279a26b42b9483b73420d1b364d3f8fb38,1396
    pantry-tree:
      sha256: b7487e9693763afa43969a77686f16177a27faae13876073b4d92f02522dc4a1
      size: 431
  original:
    hackage: slugify-0.1.0.1@sha256:0764c30a5d6d6342ca055a97f0a7b4279a26b42b9483b73420d1b364d3f8fb38,1396
- completed:
    name: text-regex-replace
    pantry-tree:
      sha256: 34ed3f186def4cd33a89f8144dae82869d0b72f0d8fa1224d1dbbfbe087edabf
      size: 1329
    sha256: e51b830db7395d49b0ae8a42f9acc8068c5f5b5104c111628a288bacd10a39d3
    size: 11939
    url: https://github.com/erochest/text-regex-replace/archive/270b4a6d460908bb5e6ead17b309a9b1d02ae070.tar.gz
    version: 0.1.1.5
  original:
    url: https://github.com/erochest/text-regex-replace/archive/270b4a6d460908bb5e6ead17b309a9b1d02ae070.tar.gz
- completed:
    hackage: microaeson-0.1.0.1@sha256:f30a15300a7cf98a230971cd5a168a5d4ab0e50a67eb9d474c816a41f46c3aad,4032
    pantry-tree:
      sha256: 9921ed7096df93dbfe89870b5b9471dca0c7168749e5e8732ce3658f70b19007
      size: 520
  original:
    hackage: microaeson-0.1.0.1@sha256:f30a15300a7cf98a230971cd5a168a5d4ab0e50a67eb9d474c816a41f46c3aad,4032
- completed:
    hackage: HsYAML-0.2.1.1@sha256:bbde5ec41f2903fdca2ec1a743dc40bfedf8ca12fb7f3351cb7431ee657eab4a,5691
    pantry-tree:
      sha256: 807a9ef3a84befa61ffb96e805fc9fb3b32aca78b60ab3cb95d4a2561fe70d85
      size: 1340
  original:
    hackage: HsYAML-0.2.1.1@sha256:bbde5ec41f2903fdca2ec1a743dc40bfedf8ca12fb7f3351cb7431ee657eab4a,5691
- completed:
    hackage: dlist-0.8.0.8@sha256:90ca348bffdc62d7070bcf0e97c728f8d01b24fbc7ea08d2909157d0da76534c,2066
    pantry-tree:
      sha256: 1b5b9142a932f15c77f758f92f90bea6c805c42d4c62f7a697e8e4f6cf1ad6e6
      size: 426
  original:
    hackage: dlist-0.8.0.8@sha256:90ca348bffdc62d7070bcf0e97c728f8d01b24fbc7ea08d2909157d0da76534c,2066
snapshots:
- completed:
    sha256: 428ec8d5ce932190d3cbe266b9eb3c175cd81e984babf876b64019e2cbe4ea68
    size: 590100
    url: https://raw.githubusercontent.com/commercialhaskell/stackage-snapshots/master/lts/18/28.yaml
  original: lts-18.28
